
Microsoft Visual Studio Solution File, Format Version 12.00
# Visual Studio Version 16
VisualStudioVersion = 16.0.31005.135
MinimumVisualStudioVersion = 10.0.40219.1
Project("{FAE04EC0-301F-11D3-BF4B-00C04F79EFBC}") = "LR_11", "LR_11\LR_11.csproj", "{9CC8A424-9934-4E93-8AB2-FE060C6A5D9C}"
EndProject
Global
	GlobalSection(SolutionConfigurationPlatforms) = preSolution
		Debug|Any CPU = Debug|Any CPU
		Release|Any CPU = Release|Any CPU
	EndGlobalSection
	GlobalSection(ProjectConfigurationPlatforms) = postSolution
		{9CC8A424-9934-4E93-8AB2-FE060C6A5D9C}.Debug|Any CPU.ActiveCfg = Debug|Any CPU
		{9CC8A424-9934-4E93-8AB2-FE060C6A5D9C}.Debug|Any CPU.Build.0 = Debug|Any CPU
		{9CC8A424-9934-4E93-8AB2-FE060C6A5D9C}.Release|Any CPU.ActiveCfg = Release|Any CPU
		{9CC8A424-9934-4E93-8AB2-FE060C6A5D9C}.Release|Any CPU.Build.0 = Release|Any CPU
	EndGlobalSection
	GlobalSection(SolutionProperties) = preSolution
		HideSolutionNode = FALSE
	EndGlobalSection
	GlobalSection(ExtensibilityGlobals) = postSolution
		SolutionGuid = {B0138E71-1307-4300-9035-6E811FDAAD98}
	EndGlobalSection
EndGlobal
