
Microsoft Visual Studio Solution File, Format Version 12.00
# Visual Studio Version 16
VisualStudioVersion = 16.0.29905.134
MinimumVisualStudioVersion = 10.0.40219.1
Project("{FAE04EC0-301F-11D3-BF4B-00C04F79EFBC}") = "OOTP_Lab5", "OOTP_Lab5.csproj", "{FA000ADE-FA01-45F1-92F1-21C498E1745E}"
EndProject
Global
	GlobalSection(SolutionConfigurationPlatforms) = preSolution
		Debug|Any CPU = Debug|Any CPU
		Release|Any CPU = Release|Any CPU
	EndGlobalSection
	GlobalSection(ProjectConfigurationPlatforms) = postSolution
		{FA000ADE-FA01-45F1-92F1-21C498E1745E}.Debug|Any CPU.ActiveCfg = Debug|Any CPU
		{FA000ADE-FA01-45F1-92F1-21C498E1745E}.Debug|Any CPU.Build.0 = Debug|Any CPU
		{FA000ADE-FA01-45F1-92F1-21C498E1745E}.Release|Any CPU.ActiveCfg = Release|Any CPU
		{FA000ADE-FA01-45F1-92F1-21C498E1745E}.Release|Any CPU.Build.0 = Release|Any CPU
	EndGlobalSection
	GlobalSection(SolutionProperties) = preSolution
		HideSolutionNode = FALSE
	EndGlobalSection
	GlobalSection(ExtensibilityGlobals) = postSolution
		SolutionGuid = {1D0128A0-CBD3-451F-B4E6-B05E08FEE077}
	EndGlobalSection
EndGlobal
