
Microsoft Visual Studio Solution File, Format Version 12.00
# Visual Studio Version 16
VisualStudioVersion = 16.0.31005.135
MinimumVisualStudioVersion = 10.0.40219.1
Project("{FAE04EC0-301F-11D3-BF4B-00C04F79EFBC}") = "LR_09", "LR_09\LR_09.csproj", "{DD9881A8-F071-4A26-81FE-30138C4B8C82}"
EndProject
Global
	GlobalSection(SolutionConfigurationPlatforms) = preSolution
		Debug|Any CPU = Debug|Any CPU
		Release|Any CPU = Release|Any CPU
	EndGlobalSection
	GlobalSection(ProjectConfigurationPlatforms) = postSolution
		{DD9881A8-F071-4A26-81FE-30138C4B8C82}.Debug|Any CPU.ActiveCfg = Debug|Any CPU
		{DD9881A8-F071-4A26-81FE-30138C4B8C82}.Debug|Any CPU.Build.0 = Debug|Any CPU
		{DD9881A8-F071-4A26-81FE-30138C4B8C82}.Release|Any CPU.ActiveCfg = Release|Any CPU
		{DD9881A8-F071-4A26-81FE-30138C4B8C82}.Release|Any CPU.Build.0 = Release|Any CPU
	EndGlobalSection
	GlobalSection(SolutionProperties) = preSolution
		HideSolutionNode = FALSE
	EndGlobalSection
	GlobalSection(ExtensibilityGlobals) = postSolution
		SolutionGuid = {62209BFA-A48B-444C-AB8A-D02AC0664ECB}
	EndGlobalSection
EndGlobal
