
Microsoft Visual Studio Solution File, Format Version 12.00
# Visual Studio Version 16
VisualStudioVersion = 16.0.31005.135
MinimumVisualStudioVersion = 10.0.40219.1
Project("{FAE04EC0-301F-11D3-BF4B-00C04F79EFBC}") = "LR_06", "LR_06\LR_06.csproj", "{0E57E7E8-7955-47CC-BE7B-744E45B86C7C}"
EndProject
Global
	GlobalSection(SolutionConfigurationPlatforms) = preSolution
		Debug|Any CPU = Debug|Any CPU
		Release|Any CPU = Release|Any CPU
	EndGlobalSection
	GlobalSection(ProjectConfigurationPlatforms) = postSolution
		{0E57E7E8-7955-47CC-BE7B-744E45B86C7C}.Debug|Any CPU.ActiveCfg = Debug|Any CPU
		{0E57E7E8-7955-47CC-BE7B-744E45B86C7C}.Debug|Any CPU.Build.0 = Debug|Any CPU
		{0E57E7E8-7955-47CC-BE7B-744E45B86C7C}.Release|Any CPU.ActiveCfg = Release|Any CPU
		{0E57E7E8-7955-47CC-BE7B-744E45B86C7C}.Release|Any CPU.Build.0 = Release|Any CPU
	EndGlobalSection
	GlobalSection(SolutionProperties) = preSolution
		HideSolutionNode = FALSE
	EndGlobalSection
	GlobalSection(ExtensibilityGlobals) = postSolution
		SolutionGuid = {A62A4516-46BD-4F32-93BA-28820CBAE79F}
	EndGlobalSection
EndGlobal
