
Microsoft Visual Studio Solution File, Format Version 12.00
# Visual Studio Version 16
VisualStudioVersion = 16.0.31005.135
MinimumVisualStudioVersion = 10.0.40219.1
Project("{9A19103F-16F7-4668-BE54-9A1E7A4F7556}") = "LR_08", "LR_04\LR_08.csproj", "{745FCAB6-159D-4F74-8DD4-447D1284316B}"
EndProject
Global
	GlobalSection(SolutionConfigurationPlatforms) = preSolution
		Debug|Any CPU = Debug|Any CPU
		Release|Any CPU = Release|Any CPU
	EndGlobalSection
	GlobalSection(ProjectConfigurationPlatforms) = postSolution
		{745FCAB6-159D-4F74-8DD4-447D1284316B}.Debug|Any CPU.ActiveCfg = Debug|Any CPU
		{745FCAB6-159D-4F74-8DD4-447D1284316B}.Debug|Any CPU.Build.0 = Debug|Any CPU
		{745FCAB6-159D-4F74-8DD4-447D1284316B}.Release|Any CPU.ActiveCfg = Release|Any CPU
		{745FCAB6-159D-4F74-8DD4-447D1284316B}.Release|Any CPU.Build.0 = Release|Any CPU
	EndGlobalSection
	GlobalSection(SolutionProperties) = preSolution
		HideSolutionNode = FALSE
	EndGlobalSection
	GlobalSection(ExtensibilityGlobals) = postSolution
		SolutionGuid = {A1C4FA88-31E8-467F-BFF3-25BC2733D55D}
	EndGlobalSection
EndGlobal
